
Microsoft Visual Studio Solution File, Format Version 12.00
# Visual Studio 15
VisualStudioVersion = 15.0.28307.438
MinimumVisualStudioVersion = 10.0.40219.1
Project("{9A19103F-16F7-4668-BE54-9A1E7A4F7556}") = "PoC.GWT", "PoC.GWT\PoC.GWT.csproj", "{7A0CC4B1-E7D1-479B-B889-D7FFC31D2F3B}"
EndProject
Project("{9A19103F-16F7-4668-BE54-9A1E7A4F7556}") = "PoC.GWT.Test", "PoC.GWT.Test\PoC.GWT.Test.csproj", "{3296B5FB-B53C-4736-B6D0-6712AD05D55B}"
EndProject
Global
	GlobalSection(SolutionConfigurationPlatforms) = preSolution
		Debug|Any CPU = Debug|Any CPU
		Release|Any CPU = Release|Any CPU
	EndGlobalSection
	GlobalSection(ProjectConfigurationPlatforms) = postSolution
		{7A0CC4B1-E7D1-479B-B889-D7FFC31D2F3B}.Debug|Any CPU.ActiveCfg = Debug|Any CPU
		{7A0CC4B1-E7D1-479B-B889-D7FFC31D2F3B}.Debug|Any CPU.Build.0 = Debug|Any CPU
		{7A0CC4B1-E7D1-479B-B889-D7FFC31D2F3B}.Release|Any CPU.ActiveCfg = Release|Any CPU
		{7A0CC4B1-E7D1-479B-B889-D7FFC31D2F3B}.Release|Any CPU.Build.0 = Release|Any CPU
		{3296B5FB-B53C-4736-B6D0-6712AD05D55B}.Debug|Any CPU.ActiveCfg = Debug|Any CPU
		{3296B5FB-B53C-4736-B6D0-6712AD05D55B}.Debug|Any CPU.Build.0 = Debug|Any CPU
		{3296B5FB-B53C-4736-B6D0-6712AD05D55B}.Release|Any CPU.ActiveCfg = Release|Any CPU
		{3296B5FB-B53C-4736-B6D0-6712AD05D55B}.Release|Any CPU.Build.0 = Release|Any CPU
	EndGlobalSection
	GlobalSection(SolutionProperties) = preSolution
		HideSolutionNode = FALSE
	EndGlobalSection
	GlobalSection(ExtensibilityGlobals) = postSolution
		SolutionGuid = {E13EC0F3-04D6-4929-B589-C0486CAAC11E}
	EndGlobalSection
EndGlobal
